
Microsoft Visual Studio Solution File, Format Version 12.00
# Visual Studio 14
VisualStudioVersion = 14.0.25420.1
MinimumVisualStudioVersion = 10.0.40219.1
Project("{FAE04EC0-301F-11D3-BF4B-00C04F79EFBC}") = "FacturApp", "FacturApp\FacturApp\FacturApp.csproj", "{15E66B28-E2E6-4170-A396-BA2E9B366035}"
EndProject
Project("{FAE04EC0-301F-11D3-BF4B-00C04F79EFBC}") = "FacturApp.Droid", "FacturApp\FacturApp.Droid\FacturApp.Droid.csproj", "{698644A9-FBEE-4FD7-9DB9-039F2BCC8415}"
EndProject
Project("{FAE04EC0-301F-11D3-BF4B-00C04F79EFBC}") = "FacturApp.iOS", "FacturApp\FacturApp.iOS\FacturApp.iOS.csproj", "{D6EB7589-1745-469F-BE78-FA0F40640804}"
EndProject
Project("{FAE04EC0-301F-11D3-BF4B-00C04F79EFBC}") = "FacturApp.WinPhone", "FacturApp\FacturApp.WinPhone\FacturApp.WinPhone.csproj", "{953D88DB-5D8A-4830-BE5C-018B72D8BF14}"
EndProject
Project("{FAE04EC0-301F-11D3-BF4B-00C04F79EFBC}") = "FacturApp.UWP", "FacturApp\FacturApp.UWP\FacturApp.UWP.csproj", "{24D2AE23-E7E7-475A-B8A4-E0E87F8295D3}"
EndProject
Project("{FAE04EC0-301F-11D3-BF4B-00C04F79EFBC}") = "FacturApp.Windows", "FacturApp\FacturApp.Windows\FacturApp.Windows.csproj", "{D645F7FE-D573-4B30-8513-02DAFBBF055C}"
EndProject
Global
	GlobalSection(SolutionConfigurationPlatforms) = preSolution
		Ad-Hoc|Any CPU = Ad-Hoc|Any CPU
		Ad-Hoc|ARM = Ad-Hoc|ARM
		Ad-Hoc|iPhone = Ad-Hoc|iPhone
		Ad-Hoc|iPhoneSimulator = Ad-Hoc|iPhoneSimulator
		Ad-Hoc|x64 = Ad-Hoc|x64
		Ad-Hoc|x86 = Ad-Hoc|x86
		AppStore|Any CPU = AppStore|Any CPU
		AppStore|ARM = AppStore|ARM
		AppStore|iPhone = AppStore|iPhone
		AppStore|iPhoneSimulator = AppStore|iPhoneSimulator
		AppStore|x64 = AppStore|x64
		AppStore|x86 = AppStore|x86
		Debug|Any CPU = Debug|Any CPU
		Debug|ARM = Debug|ARM
		Debug|iPhone = Debug|iPhone
		Debug|iPhoneSimulator = Debug|iPhoneSimulator
		Debug|x64 = Debug|x64
		Debug|x86 = Debug|x86
		Release|Any CPU = Release|Any CPU
		Release|ARM = Release|ARM
		Release|iPhone = Release|iPhone
		Release|iPhoneSimulator = Release|iPhoneSimulator
		Release|x64 = Release|x64
		Release|x86 = Release|x86
	EndGlobalSection
	GlobalSection(ProjectConfigurationPlatforms) = postSolution
		{15E66B28-E2E6-4170-A396-BA2E9B366035}.Ad-Hoc|Any CPU.ActiveCfg = Release|Any CPU
		{15E66B28-E2E6-4170-A396-BA2E9B366035}.Ad-Hoc|Any CPU.Build.0 = Release|Any CPU
		{15E66B28-E2E6-4170-A396-BA2E9B366035}.Ad-Hoc|ARM.ActiveCfg = Release|Any CPU
		{15E66B28-E2E6-4170-A396-BA2E9B366035}.Ad-Hoc|ARM.Build.0 = Release|Any CPU
		{15E66B28-E2E6-4170-A396-BA2E9B366035}.Ad-Hoc|iPhone.ActiveCfg = Release|Any CPU
		{15E66B28-E2E6-4170-A396-BA2E9B366035}.Ad-Hoc|iPhone.Build.0 = Release|Any CPU
		{15E66B28-E2E6-4170-A396-BA2E9B366035}.Ad-Hoc|iPhoneSimulator.ActiveCfg = Release|Any CPU
		{15E66B28-E2E6-4170-A396-BA2E9B366035}.Ad-Hoc|iPhoneSimulator.Build.0 = Release|Any CPU
		{15E66B28-E2E6-4170-A396-BA2E9B366035}.Ad-Hoc|x64.ActiveCfg = Release|Any CPU
		{15E66B28-E2E6-4170-A396-BA2E9B366035}.Ad-Hoc|x64.Build.0 = Release|Any CPU
		{15E66B28-E2E6-4170-A396-BA2E9B366035}.Ad-Hoc|x86.ActiveCfg = Release|Any CPU
		{15E66B28-E2E6-4170-A396-BA2E9B366035}.Ad-Hoc|x86.Build.0 = Release|Any CPU
		{15E66B28-E2E6-4170-A396-BA2E9B366035}.AppStore|Any CPU.ActiveCfg = Release|Any CPU
		{15E66B28-E2E6-4170-A396-BA2E9B366035}.AppStore|Any CPU.Build.0 = Release|Any CPU
		{15E66B28-E2E6-4170-A396-BA2E9B366035}.AppStore|ARM.ActiveCfg = Release|Any CPU
		{15E66B28-E2E6-4170-A396-BA2E9B366035}.AppStore|ARM.Build.0 = Release|Any CPU
		{15E66B28-E2E6-4170-A396-BA2E9B366035}.AppStore|iPhone.ActiveCfg = Release|Any CPU
		{15E66B28-E2E6-4170-A396-BA2E9B366035}.AppStore|iPhone.Build.0 = Release|Any CPU
		{15E66B28-E2E6-4170-A396-BA2E9B366035}.AppStore|iPhoneSimulator.ActiveCfg = Release|Any CPU
		{15E66B28-E2E6-4170-A396-BA2E9B366035}.AppStore|iPhoneSimulator.Build.0 = Release|Any CPU
		{15E66B28-E2E6-4170-A396-BA2E9B366035}.AppStore|x64.ActiveCfg = Release|Any CPU
		{15E66B28-E2E6-4170-A396-BA2E9B366035}.AppStore|x64.Build.0 = Release|Any CPU
		{15E66B28-E2E6-4170-A396-BA2E9B366035}.AppStore|x86.ActiveCfg = Release|Any CPU
		{15E66B28-E2E6-4170-A396-BA2E9B366035}.AppStore|x86.Build.0 = Release|Any CPU
		{15E66B28-E2E6-4170-A396-BA2E9B366035}.Debug|Any CPU.ActiveCfg = Debug|Any CPU
		{15E66B28-E2E6-4170-A396-BA2E9B366035}.Debug|Any CPU.Build.0 = Debug|Any CPU
		{15E66B28-E2E6-4170-A396-BA2E9B366035}.Debug|ARM.ActiveCfg = Debug|Any CPU
		{15E66B28-E2E6-4170-A396-BA2E9B366035}.Debug|ARM.Build.0 = Debug|Any CPU
		{15E66B28-E2E6-4170-A396-BA2E9B366035}.Debug|iPhone.ActiveCfg = Debug|Any CPU
		{15E66B28-E2E6-4170-A396-BA2E9B366035}.Debug|iPhone.Build.0 = Debug|Any CPU
		{15E66B28-E2E6-4170-A396-BA2E9B366035}.Debug|iPhoneSimulator.ActiveCfg = Debug|Any CPU
		{15E66B28-E2E6-4170-A396-BA2E9B366035}.Debug|iPhoneSimulator.Build.0 = Debug|Any CPU
		{15E66B28-E2E6-4170-A396-BA2E9B366035}.Debug|x64.ActiveCfg = Debug|Any CPU
		{15E66B28-E2E6-4170-A396-BA2E9B366035}.Debug|x64.Build.0 = Debug|Any CPU
		{15E66B28-E2E6-4170-A396-BA2E9B366035}.Debug|x86.ActiveCfg = Debug|Any CPU
		{15E66B28-E2E6-4170-A396-BA2E9B366035}.Debug|x86.Build.0 = Debug|Any CPU
		{15E66B28-E2E6-4170-A396-BA2E9B366035}.Release|Any CPU.ActiveCfg = Release|Any CPU
		{15E66B28-E2E6-4170-A396-BA2E9B366035}.Release|Any CPU.Build.0 = Release|Any CPU
		{15E66B28-E2E6-4170-A396-BA2E9B366035}.Release|ARM.ActiveCfg = Release|Any CPU
		{15E66B28-E2E6-4170-A396-BA2E9B366035}.Release|ARM.Build.0 = Release|Any CPU
		{15E66B28-E2E6-4170-A396-BA2E9B366035}.Release|iPhone.ActiveCfg = Release|Any CPU
		{15E66B28-E2E6-4170-A396-BA2E9B366035}.Release|iPhone.Build.0 = Release|Any CPU
		{15E66B28-E2E6-4170-A396-BA2E9B366035}.Release|iPhoneSimulator.ActiveCfg = Release|Any CPU
		{15E66B28-E2E6-4170-A396-BA2E9B366035}.Release|iPhoneSimulator.Build.0 = Release|Any CPU
		{15E66B28-E2E6-4170-A396-BA2E9B366035}.Release|x64.ActiveCfg = Release|Any CPU
		{15E66B28-E2E6-4170-A396-BA2E9B366035}.Release|x64.Build.0 = Release|Any CPU
		{15E66B28-E2E6-4170-A396-BA2E9B366035}.Release|x86.ActiveCfg = Release|Any CPU
		{15E66B28-E2E6-4170-A396-BA2E9B366035}.Release|x86.Build.0 = Release|Any CPU
		{698644A9-FBEE-4FD7-9DB9-039F2BCC8415}.Ad-Hoc|Any CPU.ActiveCfg = Release|Any CPU
		{698644A9-FBEE-4FD7-9DB9-039F2BCC8415}.Ad-Hoc|Any CPU.Build.0 = Release|Any CPU
		{698644A9-FBEE-4FD7-9DB9-039F2BCC8415}.Ad-Hoc|Any CPU.Deploy.0 = Release|Any CPU
		{698644A9-FBEE-4FD7-9DB9-039F2BCC8415}.Ad-Hoc|ARM.ActiveCfg = Release|Any CPU
		{698644A9-FBEE-4FD7-9DB9-039F2BCC8415}.Ad-Hoc|ARM.Build.0 = Release|Any CPU
		{698644A9-FBEE-4FD7-9DB9-039F2BCC8415}.Ad-Hoc|ARM.Deploy.0 = Release|Any CPU
		{698644A9-FBEE-4FD7-9DB9-039F2BCC8415}.Ad-Hoc|iPhone.ActiveCfg = Release|Any CPU
		{698644A9-FBEE-4FD7-9DB9-039F2BCC8415}.Ad-Hoc|iPhone.Build.0 = Release|Any CPU
		{698644A9-FBEE-4FD7-9DB9-039F2BCC8415}.Ad-Hoc|iPhone.Deploy.0 = Release|Any CPU
		{698644A9-FBEE-4FD7-9DB9-039F2BCC8415}.Ad-Hoc|iPhoneSimulator.ActiveCfg = Release|Any CPU
		{698644A9-FBEE-4FD7-9DB9-039F2BCC8415}.Ad-Hoc|iPhoneSimulator.Build.0 = Release|Any CPU
		{698644A9-FBEE-4FD7-9DB9-039F2BCC8415}.Ad-Hoc|iPhoneSimulator.Deploy.0 = Release|Any CPU
		{698644A9-FBEE-4FD7-9DB9-039F2BCC8415}.Ad-Hoc|x64.ActiveCfg = Release|Any CPU
		{698644A9-FBEE-4FD7-9DB9-039F2BCC8415}.Ad-Hoc|x64.Build.0 = Release|Any CPU
		{698644A9-FBEE-4FD7-9DB9-039F2BCC8415}.Ad-Hoc|x64.Deploy.0 = Release|Any CPU
		{698644A9-FBEE-4FD7-9DB9-039F2BCC8415}.Ad-Hoc|x86.ActiveCfg = Release|Any CPU
		{698644A9-FBEE-4FD7-9DB9-039F2BCC8415}.Ad-Hoc|x86.Build.0 = Release|Any CPU
		{698644A9-FBEE-4FD7-9DB9-039F2BCC8415}.Ad-Hoc|x86.Deploy.0 = Release|Any CPU
		{698644A9-FBEE-4FD7-9DB9-039F2BCC8415}.AppStore|Any CPU.ActiveCfg = Release|Any CPU
		{698644A9-FBEE-4FD7-9DB9-039F2BCC8415}.AppStore|Any CPU.Build.0 = Release|Any CPU
		{698644A9-FBEE-4FD7-9DB9-039F2BCC8415}.AppStore|Any CPU.Deploy.0 = Release|Any CPU
		{698644A9-FBEE-4FD7-9DB9-039F2BCC8415}.AppStore|ARM.ActiveCfg = Release|Any CPU
		{698644A9-FBEE-4FD7-9DB9-039F2BCC8415}.AppStore|ARM.Build.0 = Release|Any CPU
		{698644A9-FBEE-4FD7-9DB9-039F2BCC8415}.AppStore|ARM.Deploy.0 = Release|Any CPU
		{698644A9-FBEE-4FD7-9DB9-039F2BCC8415}.AppStore|iPhone.ActiveCfg = Release|Any CPU
		{698644A9-FBEE-4FD7-9DB9-039F2BCC8415}.AppStore|iPhone.Build.0 = Release|Any CPU
		{698644A9-FBEE-4FD7-9DB9-039F2BCC8415}.AppStore|iPhone.Deploy.0 = Release|Any CPU
		{698644A9-FBEE-4FD7-9DB9-039F2BCC8415}.AppStore|iPhoneSimulator.ActiveCfg = Release|Any CPU
		{698644A9-FBEE-4FD7-9DB9-039F2BCC8415}.AppStore|iPhoneSimulator.Build.0 = Release|Any CPU
		{698644A9-FBEE-4FD7-9DB9-039F2BCC8415}.AppStore|iPhoneSimulator.Deploy.0 = Release|Any CPU
		{698644A9-FBEE-4FD7-9DB9-039F2BCC8415}.AppStore|x64.ActiveCfg = Release|Any CPU
		{698644A9-FBEE-4FD7-9DB9-039F2BCC8415}.AppStore|x64.Build.0 = Release|Any CPU
		{698644A9-FBEE-4FD7-9DB9-039F2BCC8415}.AppStore|x64.Deploy.0 = Release|Any CPU
		{698644A9-FBEE-4FD7-9DB9-039F2BCC8415}.AppStore|x86.ActiveCfg = Release|Any CPU
		{698644A9-FBEE-4FD7-9DB9-039F2BCC8415}.AppStore|x86.Build.0 = Release|Any CPU
		{698644A9-FBEE-4FD7-9DB9-039F2BCC8415}.AppStore|x86.Deploy.0 = Release|Any CPU
		{698644A9-FBEE-4FD7-9DB9-039F2BCC8415}.Debug|Any CPU.ActiveCfg = Debug|Any CPU
		{698644A9-FBEE-4FD7-9DB9-039F2BCC8415}.Debug|Any CPU.Build.0 = Debug|Any CPU
		{698644A9-FBEE-4FD7-9DB9-039F2BCC8415}.Debug|Any CPU.Deploy.0 = Debug|Any CPU
		{698644A9-FBEE-4FD7-9DB9-039F2BCC8415}.Debug|ARM.ActiveCfg = Debug|Any CPU
		{698644A9-FBEE-4FD7-9DB9-039F2BCC8415}.Debug|ARM.Build.0 = Debug|Any CPU
		{698644A9-FBEE-4FD7-9DB9-039F2BCC8415}.Debug|ARM.Deploy.0 = Debug|Any CPU
		{698644A9-FBEE-4FD7-9DB9-039F2BCC8415}.Debug|iPhone.ActiveCfg = Debug|Any CPU
		{698644A9-FBEE-4FD7-9DB9-039F2BCC8415}.Debug|iPhone.Build.0 = Debug|Any CPU
		{698644A9-FBEE-4FD7-9DB9-039F2BCC8415}.Debug|iPhone.Deploy.0 = Debug|Any CPU
		{698644A9-FBEE-4FD7-9DB9-039F2BCC8415}.Debug|iPhoneSimulator.ActiveCfg = Debug|Any CPU
		{698644A9-FBEE-4FD7-9DB9-039F2BCC8415}.Debug|iPhoneSimulator.Build.0 = Debug|Any CPU
		{698644A9-FBEE-4FD7-9DB9-039F2BCC8415}.Debug|iPhoneSimulator.Deploy.0 = Debug|Any CPU
		{698644A9-FBEE-4FD7-9DB9-039F2BCC8415}.Debug|x64.ActiveCfg = Debug|Any CPU
		{698644A9-FBEE-4FD7-9DB9-039F2BCC8415}.Debug|x64.Build.0 = Debug|Any CPU
		{698644A9-FBEE-4FD7-9DB9-039F2BCC8415}.Debug|x64.Deploy.0 = Debug|Any CPU
		{698644A9-FBEE-4FD7-9DB9-039F2BCC8415}.Debug|x86.ActiveCfg = Debug|Any CPU
		{698644A9-FBEE-4FD7-9DB9-039F2BCC8415}.Debug|x86.Build.0 = Debug|Any CPU
		{698644A9-FBEE-4FD7-9DB9-039F2BCC8415}.Debug|x86.Deploy.0 = Debug|Any CPU
		{698644A9-FBEE-4FD7-9DB9-039F2BCC8415}.Release|Any CPU.ActiveCfg = Release|Any CPU
		{698644A9-FBEE-4FD7-9DB9-039F2BCC8415}.Release|Any CPU.Build.0 = Release|Any CPU
		{698644A9-FBEE-4FD7-9DB9-039F2BCC8415}.Release|Any CPU.Deploy.0 = Release|Any CPU
		{698644A9-FBEE-4FD7-9DB9-039F2BCC8415}.Release|ARM.ActiveCfg = Release|Any CPU
		{698644A9-FBEE-4FD7-9DB9-039F2BCC8415}.Release|ARM.Build.0 = Release|Any CPU
		{698644A9-FBEE-4FD7-9DB9-039F2BCC8415}.Release|ARM.Deploy.0 = Release|Any CPU
		{698644A9-FBEE-4FD7-9DB9-039F2BCC8415}.Release|iPhone.ActiveCfg = Release|Any CPU
		{698644A9-FBEE-4FD7-9DB9-039F2BCC8415}.Release|iPhone.Build.0 = Release|Any CPU
		{698644A9-FBEE-4FD7-9DB9-039F2BCC8415}.Release|iPhone.Deploy.0 = Release|Any CPU
		{698644A9-FBEE-4FD7-9DB9-039F2BCC8415}.Release|iPhoneSimulator.ActiveCfg = Release|Any CPU
		{698644A9-FBEE-4FD7-9DB9-039F2BCC8415}.Release|iPhoneSimulator.Build.0 = Release|Any CPU
		{698644A9-FBEE-4FD7-9DB9-039F2BCC8415}.Release|iPhoneSimulator.Deploy.0 = Release|Any CPU
		{698644A9-FBEE-4FD7-9DB9-039F2BCC8415}.Release|x64.ActiveCfg = Release|Any CPU
		{698644A9-FBEE-4FD7-9DB9-039F2BCC8415}.Release|x64.Build.0 = Release|Any CPU
		{698644A9-FBEE-4FD7-9DB9-039F2BCC8415}.Release|x64.Deploy.0 = Release|Any CPU
		{698644A9-FBEE-4FD7-9DB9-039F2BCC8415}.Release|x86.ActiveCfg = Release|Any CPU
		{698644A9-FBEE-4FD7-9DB9-039F2BCC8415}.Release|x86.Build.0 = Release|Any CPU
		{698644A9-FBEE-4FD7-9DB9-039F2BCC8415}.Release|x86.Deploy.0 = Release|Any CPU
		{D6EB7589-1745-469F-BE78-FA0F40640804}.Ad-Hoc|Any CPU.ActiveCfg = Ad-Hoc|iPhone
		{D6EB7589-1745-469F-BE78-FA0F40640804}.Ad-Hoc|ARM.ActiveCfg = Ad-Hoc|iPhone
		{D6EB7589-1745-469F-BE78-FA0F40640804}.Ad-Hoc|iPhone.ActiveCfg = Ad-Hoc|iPhone
		{D6EB7589-1745-469F-BE78-FA0F40640804}.Ad-Hoc|iPhone.Build.0 = Ad-Hoc|iPhone
		{D6EB7589-1745-469F-BE78-FA0F40640804}.Ad-Hoc|iPhoneSimulator.ActiveCfg = Ad-Hoc|iPhoneSimulator
		{D6EB7589-1745-469F-BE78-FA0F40640804}.Ad-Hoc|iPhoneSimulator.Build.0 = Ad-Hoc|iPhoneSimulator
		{D6EB7589-1745-469F-BE78-FA0F40640804}.Ad-Hoc|x64.ActiveCfg = Ad-Hoc|iPhone
		{D6EB7589-1745-469F-BE78-FA0F40640804}.Ad-Hoc|x86.ActiveCfg = Ad-Hoc|iPhone
		{D6EB7589-1745-469F-BE78-FA0F40640804}.AppStore|Any CPU.ActiveCfg = AppStore|iPhone
		{D6EB7589-1745-469F-BE78-FA0F40640804}.AppStore|ARM.ActiveCfg = AppStore|iPhone
		{D6EB7589-1745-469F-BE78-FA0F40640804}.AppStore|iPhone.ActiveCfg = AppStore|iPhone
		{D6EB7589-1745-469F-BE78-FA0F40640804}.AppStore|iPhone.Build.0 = AppStore|iPhone
		{D6EB7589-1745-469F-BE78-FA0F40640804}.AppStore|iPhoneSimulator.ActiveCfg = AppStore|iPhoneSimulator
		{D6EB7589-1745-469F-BE78-FA0F40640804}.AppStore|iPhoneSimulator.Build.0 = AppStore|iPhoneSimulator
		{D6EB7589-1745-469F-BE78-FA0F40640804}.AppStore|x64.ActiveCfg = AppStore|iPhone
		{D6EB7589-1745-469F-BE78-FA0F40640804}.AppStore|x86.ActiveCfg = AppStore|iPhone
		{D6EB7589-1745-469F-BE78-FA0F40640804}.Debug|Any CPU.ActiveCfg = Debug|iPhone
		{D6EB7589-1745-469F-BE78-FA0F40640804}.Debug|ARM.ActiveCfg = Debug|iPhone
		{D6EB7589-1745-469F-BE78-FA0F40640804}.Debug|iPhone.ActiveCfg = Debug|iPhone
		{D6EB7589-1745-469F-BE78-FA0F40640804}.Debug|iPhone.Build.0 = Debug|iPhone
		{D6EB7589-1745-469F-BE78-FA0F40640804}.Debug|iPhoneSimulator.ActiveCfg = Debug|iPhoneSimulator
		{D6EB7589-1745-469F-BE78-FA0F40640804}.Debug|iPhoneSimulator.Build.0 = Debug|iPhoneSimulator
		{D6EB7589-1745-469F-BE78-FA0F40640804}.Debug|x64.ActiveCfg = Debug|iPhone
		{D6EB7589-1745-469F-BE78-FA0F40640804}.Debug|x86.ActiveCfg = Debug|iPhone
		{D6EB7589-1745-469F-BE78-FA0F40640804}.Release|Any CPU.ActiveCfg = Release|iPhone
		{D6EB7589-1745-469F-BE78-FA0F40640804}.Release|ARM.ActiveCfg = Release|iPhone
		{D6EB7589-1745-469F-BE78-FA0F40640804}.Release|iPhone.ActiveCfg = Release|iPhone
		{D6EB7589-1745-469F-BE78-FA0F40640804}.Release|iPhone.Build.0 = Release|iPhone
		{D6EB7589-1745-469F-BE78-FA0F40640804}.Release|iPhoneSimulator.ActiveCfg = Release|iPhoneSimulator
		{D6EB7589-1745-469F-BE78-FA0F40640804}.Release|iPhoneSimulator.Build.0 = Release|iPhoneSimulator
		{D6EB7589-1745-469F-BE78-FA0F40640804}.Release|x64.ActiveCfg = Release|iPhone
		{D6EB7589-1745-469F-BE78-FA0F40640804}.Release|x86.ActiveCfg = Release|iPhone
		{953D88DB-5D8A-4830-BE5C-018B72D8BF14}.Ad-Hoc|Any CPU.ActiveCfg = Release|Any CPU
		{953D88DB-5D8A-4830-BE5C-018B72D8BF14}.Ad-Hoc|Any CPU.Build.0 = Release|Any CPU
		{953D88DB-5D8A-4830-BE5C-018B72D8BF14}.Ad-Hoc|Any CPU.Deploy.0 = Release|Any CPU
		{953D88DB-5D8A-4830-BE5C-018B72D8BF14}.Ad-Hoc|ARM.ActiveCfg = Release|ARM
		{953D88DB-5D8A-4830-BE5C-018B72D8BF14}.Ad-Hoc|ARM.Build.0 = Release|ARM
		{953D88DB-5D8A-4830-BE5C-018B72D8BF14}.Ad-Hoc|ARM.Deploy.0 = Release|ARM
		{953D88DB-5D8A-4830-BE5C-018B72D8BF14}.Ad-Hoc|iPhone.ActiveCfg = Release|Any CPU
		{953D88DB-5D8A-4830-BE5C-018B72D8BF14}.Ad-Hoc|iPhone.Build.0 = Release|Any CPU
		{953D88DB-5D8A-4830-BE5C-018B72D8BF14}.Ad-Hoc|iPhone.Deploy.0 = Release|Any CPU
		{953D88DB-5D8A-4830-BE5C-018B72D8BF14}.Ad-Hoc|iPhoneSimulator.ActiveCfg = Release|Any CPU
		{953D88DB-5D8A-4830-BE5C-018B72D8BF14}.Ad-Hoc|iPhoneSimulator.Build.0 = Release|Any CPU
		{953D88DB-5D8A-4830-BE5C-018B72D8BF14}.Ad-Hoc|iPhoneSimulator.Deploy.0 = Release|Any CPU
		{953D88DB-5D8A-4830-BE5C-018B72D8BF14}.Ad-Hoc|x64.ActiveCfg = Release|Any CPU
		{953D88DB-5D8A-4830-BE5C-018B72D8BF14}.Ad-Hoc|x64.Build.0 = Release|Any CPU
		{953D88DB-5D8A-4830-BE5C-018B72D8BF14}.Ad-Hoc|x64.Deploy.0 = Release|Any CPU
		{953D88DB-5D8A-4830-BE5C-018B72D8BF14}.Ad-Hoc|x86.ActiveCfg = Release|x86
		{953D88DB-5D8A-4830-BE5C-018B72D8BF14}.Ad-Hoc|x86.Build.0 = Release|x86
		{953D88DB-5D8A-4830-BE5C-018B72D8BF14}.Ad-Hoc|x86.Deploy.0 = Release|x86
		{953D88DB-5D8A-4830-BE5C-018B72D8BF14}.AppStore|Any CPU.ActiveCfg = Release|Any CPU
		{953D88DB-5D8A-4830-BE5C-018B72D8BF14}.AppStore|Any CPU.Build.0 = Release|Any CPU
		{953D88DB-5D8A-4830-BE5C-018B72D8BF14}.AppStore|Any CPU.Deploy.0 = Release|Any CPU
		{953D88DB-5D8A-4830-BE5C-018B72D8BF14}.AppStore|ARM.ActiveCfg = Release|ARM
		{953D88DB-5D8A-4830-BE5C-018B72D8BF14}.AppStore|ARM.Build.0 = Release|ARM
		{953D88DB-5D8A-4830-BE5C-018B72D8BF14}.AppStore|ARM.Deploy.0 = Release|ARM
		{953D88DB-5D8A-4830-BE5C-018B72D8BF14}.AppStore|iPhone.ActiveCfg = Release|Any CPU
		{953D88DB-5D8A-4830-BE5C-018B72D8BF14}.AppStore|iPhone.Build.0 = Release|Any CPU
		{953D88DB-5D8A-4830-BE5C-018B72D8BF14}.AppStore|iPhone.Deploy.0 = Release|Any CPU
		{953D88DB-5D8A-4830-BE5C-018B72D8BF14}.AppStore|iPhoneSimulator.ActiveCfg = Release|Any CPU
		{953D88DB-5D8A-4830-BE5C-018B72D8BF14}.AppStore|iPhoneSimulator.Build.0 = Release|Any CPU
		{953D88DB-5D8A-4830-BE5C-018B72D8BF14}.AppStore|iPhoneSimulator.Deploy.0 = Release|Any CPU
		{953D88DB-5D8A-4830-BE5C-018B72D8BF14}.AppStore|x64.ActiveCfg = Release|Any CPU
		{953D88DB-5D8A-4830-BE5C-018B72D8BF14}.AppStore|x64.Build.0 = Release|Any CPU
		{953D88DB-5D8A-4830-BE5C-018B72D8BF14}.AppStore|x64.Deploy.0 = Release|Any CPU
		{953D88DB-5D8A-4830-BE5C-018B72D8BF14}.AppStore|x86.ActiveCfg = Release|x86
		{953D88DB-5D8A-4830-BE5C-018B72D8BF14}.AppStore|x86.Build.0 = Release|x86
		{953D88DB-5D8A-4830-BE5C-018B72D8BF14}.AppStore|x86.Deploy.0 = Release|x86
		{953D88DB-5D8A-4830-BE5C-018B72D8BF14}.Debug|Any CPU.ActiveCfg = Debug|Any CPU
		{953D88DB-5D8A-4830-BE5C-018B72D8BF14}.Debug|Any CPU.Build.0 = Debug|Any CPU
		{953D88DB-5D8A-4830-BE5C-018B72D8BF14}.Debug|Any CPU.Deploy.0 = Debug|Any CPU
		{953D88DB-5D8A-4830-BE5C-018B72D8BF14}.Debug|ARM.ActiveCfg = Debug|ARM
		{953D88DB-5D8A-4830-BE5C-018B72D8BF14}.Debug|ARM.Build.0 = Debug|ARM
		{953D88DB-5D8A-4830-BE5C-018B72D8BF14}.Debug|ARM.Deploy.0 = Debug|ARM
		{953D88DB-5D8A-4830-BE5C-018B72D8BF14}.Debug|iPhone.ActiveCfg = Debug|Any CPU
		{953D88DB-5D8A-4830-BE5C-018B72D8BF14}.Debug|iPhone.Build.0 = Debug|Any CPU
		{953D88DB-5D8A-4830-BE5C-018B72D8BF14}.Debug|iPhone.Deploy.0 = Debug|Any CPU
		{953D88DB-5D8A-4830-BE5C-018B72D8BF14}.Debug|iPhoneSimulator.ActiveCfg = Debug|Any CPU
		{953D88DB-5D8A-4830-BE5C-018B72D8BF14}.Debug|iPhoneSimulator.Build.0 = Debug|Any CPU
		{953D88DB-5D8A-4830-BE5C-018B72D8BF14}.Debug|iPhoneSimulator.Deploy.0 = Debug|Any CPU
		{953D88DB-5D8A-4830-BE5C-018B72D8BF14}.Debug|x64.ActiveCfg = Debug|Any CPU
		{953D88DB-5D8A-4830-BE5C-018B72D8BF14}.Debug|x64.Build.0 = Debug|Any CPU
		{953D88DB-5D8A-4830-BE5C-018B72D8BF14}.Debug|x64.Deploy.0 = Debug|Any CPU
		{953D88DB-5D8A-4830-BE5C-018B72D8BF14}.Debug|x86.ActiveCfg = Debug|x86
		{953D88DB-5D8A-4830-BE5C-018B72D8BF14}.Debug|x86.Build.0 = Debug|x86
		{953D88DB-5D8A-4830-BE5C-018B72D8BF14}.Debug|x86.Deploy.0 = Debug|x86
		{953D88DB-5D8A-4830-BE5C-018B72D8BF14}.Release|Any CPU.ActiveCfg = Release|Any CPU
		{953D88DB-5D8A-4830-BE5C-018B72D8BF14}.Release|Any CPU.Build.0 = Release|Any CPU
		{953D88DB-5D8A-4830-BE5C-018B72D8BF14}.Release|Any CPU.Deploy.0 = Release|Any CPU
		{953D88DB-5D8A-4830-BE5C-018B72D8BF14}.Release|ARM.ActiveCfg = Release|ARM
		{953D88DB-5D8A-4830-BE5C-018B72D8BF14}.Release|ARM.Build.0 = Release|ARM
		{953D88DB-5D8A-4830-BE5C-018B72D8BF14}.Release|ARM.Deploy.0 = Release|ARM
		{953D88DB-5D8A-4830-BE5C-018B72D8BF14}.Release|iPhone.ActiveCfg = Release|Any CPU
		{953D88DB-5D8A-4830-BE5C-018B72D8BF14}.Release|iPhone.Build.0 = Release|Any CPU
		{953D88DB-5D8A-4830-BE5C-018B72D8BF14}.Release|iPhone.Deploy.0 = Release|Any CPU
		{953D88DB-5D8A-4830-BE5C-018B72D8BF14}.Release|iPhoneSimulator.ActiveCfg = Release|Any CPU
		{953D88DB-5D8A-4830-BE5C-018B72D8BF14}.Release|iPhoneSimulator.Build.0 = Release|Any CPU
		{953D88DB-5D8A-4830-BE5C-018B72D8BF14}.Release|iPhoneSimulator.Deploy.0 = Release|Any CPU
		{953D88DB-5D8A-4830-BE5C-018B72D8BF14}.Release|x64.ActiveCfg = Release|Any CPU
		{953D88DB-5D8A-4830-BE5C-018B72D8BF14}.Release|x64.Build.0 = Release|Any CPU
		{953D88DB-5D8A-4830-BE5C-018B72D8BF14}.Release|x64.Deploy.0 = Release|Any CPU
		{953D88DB-5D8A-4830-BE5C-018B72D8BF14}.Release|x86.ActiveCfg = Release|x86
		{953D88DB-5D8A-4830-BE5C-018B72D8BF14}.Release|x86.Build.0 = Release|x86
		{953D88DB-5D8A-4830-BE5C-018B72D8BF14}.Release|x86.Deploy.0 = Release|x86
		{24D2AE23-E7E7-475A-B8A4-E0E87F8295D3}.Ad-Hoc|Any CPU.ActiveCfg = Release|x86
		{24D2AE23-E7E7-475A-B8A4-E0E87F8295D3}.Ad-Hoc|Any CPU.Build.0 = Release|x86
		{24D2AE23-E7E7-475A-B8A4-E0E87F8295D3}.Ad-Hoc|Any CPU.Deploy.0 = Release|x86
		{24D2AE23-E7E7-475A-B8A4-E0E87F8295D3}.Ad-Hoc|ARM.ActiveCfg = Release|ARM
		{24D2AE23-E7E7-475A-B8A4-E0E87F8295D3}.Ad-Hoc|ARM.Build.0 = Release|ARM
		{24D2AE23-E7E7-475A-B8A4-E0E87F8295D3}.Ad-Hoc|ARM.Deploy.0 = Release|ARM
		{24D2AE23-E7E7-475A-B8A4-E0E87F8295D3}.Ad-Hoc|iPhone.ActiveCfg = Release|x86
		{24D2AE23-E7E7-475A-B8A4-E0E87F8295D3}.Ad-Hoc|iPhone.Build.0 = Release|x86
		{24D2AE23-E7E7-475A-B8A4-E0E87F8295D3}.Ad-Hoc|iPhone.Deploy.0 = Release|x86
		{24D2AE23-E7E7-475A-B8A4-E0E87F8295D3}.Ad-Hoc|iPhoneSimulator.ActiveCfg = Release|x86
		{24D2AE23-E7E7-475A-B8A4-E0E87F8295D3}.Ad-Hoc|iPhoneSimulator.Build.0 = Release|x86
		{24D2AE23-E7E7-475A-B8A4-E0E87F8295D3}.Ad-Hoc|iPhoneSimulator.Deploy.0 = Release|x86
		{24D2AE23-E7E7-475A-B8A4-E0E87F8295D3}.Ad-Hoc|x64.ActiveCfg = Release|x64
		{24D2AE23-E7E7-475A-B8A4-E0E87F8295D3}.Ad-Hoc|x64.Build.0 = Release|x64
		{24D2AE23-E7E7-475A-B8A4-E0E87F8295D3}.Ad-Hoc|x64.Deploy.0 = Release|x64
		{24D2AE23-E7E7-475A-B8A4-E0E87F8295D3}.Ad-Hoc|x86.ActiveCfg = Release|x86
		{24D2AE23-E7E7-475A-B8A4-E0E87F8295D3}.Ad-Hoc|x86.Build.0 = Release|x86
		{24D2AE23-E7E7-475A-B8A4-E0E87F8295D3}.Ad-Hoc|x86.Deploy.0 = Release|x86
		{24D2AE23-E7E7-475A-B8A4-E0E87F8295D3}.AppStore|Any CPU.ActiveCfg = Release|x86
		{24D2AE23-E7E7-475A-B8A4-E0E87F8295D3}.AppStore|Any CPU.Build.0 = Release|x86
		{24D2AE23-E7E7-475A-B8A4-E0E87F8295D3}.AppStore|Any CPU.Deploy.0 = Release|x86
		{24D2AE23-E7E7-475A-B8A4-E0E87F8295D3}.AppStore|ARM.ActiveCfg = Release|ARM
		{24D2AE23-E7E7-475A-B8A4-E0E87F8295D3}.AppStore|ARM.Build.0 = Release|ARM
		{24D2AE23-E7E7-475A-B8A4-E0E87F8295D3}.AppStore|ARM.Deploy.0 = Release|ARM
		{24D2AE23-E7E7-475A-B8A4-E0E87F8295D3}.AppStore|iPhone.ActiveCfg = Release|x86
		{24D2AE23-E7E7-475A-B8A4-E0E87F8295D3}.AppStore|iPhone.Build.0 = Release|x86
		{24D2AE23-E7E7-475A-B8A4-E0E87F8295D3}.AppStore|iPhone.Deploy.0 = Release|x86
		{24D2AE23-E7E7-475A-B8A4-E0E87F8295D3}.AppStore|iPhoneSimulator.ActiveCfg = Release|x86
		{24D2AE23-E7E7-475A-B8A4-E0E87F8295D3}.AppStore|iPhoneSimulator.Build.0 = Release|x86
		{24D2AE23-E7E7-475A-B8A4-E0E87F8295D3}.AppStore|iPhoneSimulator.Deploy.0 = Release|x86
		{24D2AE23-E7E7-475A-B8A4-E0E87F8295D3}.AppStore|x64.ActiveCfg = Release|x64
		{24D2AE23-E7E7-475A-B8A4-E0E87F8295D3}.AppStore|x64.Build.0 = Release|x64
		{24D2AE23-E7E7-475A-B8A4-E0E87F8295D3}.AppStore|x64.Deploy.0 = Release|x64
		{24D2AE23-E7E7-475A-B8A4-E0E87F8295D3}.AppStore|x86.ActiveCfg = Release|x86
		{24D2AE23-E7E7-475A-B8A4-E0E87F8295D3}.AppStore|x86.Build.0 = Release|x86
		{24D2AE23-E7E7-475A-B8A4-E0E87F8295D3}.AppStore|x86.Deploy.0 = Release|x86
		{24D2AE23-E7E7-475A-B8A4-E0E87F8295D3}.Debug|Any CPU.ActiveCfg = Debug|x86
		{24D2AE23-E7E7-475A-B8A4-E0E87F8295D3}.Debug|ARM.ActiveCfg = Debug|ARM
		{24D2AE23-E7E7-475A-B8A4-E0E87F8295D3}.Debug|ARM.Build.0 = Debug|ARM
		{24D2AE23-E7E7-475A-B8A4-E0E87F8295D3}.Debug|ARM.Deploy.0 = Debug|ARM
		{24D2AE23-E7E7-475A-B8A4-E0E87F8295D3}.Debug|iPhone.ActiveCfg = Debug|x86
		{24D2AE23-E7E7-475A-B8A4-E0E87F8295D3}.Debug|iPhoneSimulator.ActiveCfg = Debug|x86
		{24D2AE23-E7E7-475A-B8A4-E0E87F8295D3}.Debug|x64.ActiveCfg = Debug|x64
		{24D2AE23-E7E7-475A-B8A4-E0E87F8295D3}.Debug|x64.Build.0 = Debug|x64
		{24D2AE23-E7E7-475A-B8A4-E0E87F8295D3}.Debug|x64.Deploy.0 = Debug|x64
		{24D2AE23-E7E7-475A-B8A4-E0E87F8295D3}.Debug|x86.ActiveCfg = Debug|x86
		{24D2AE23-E7E7-475A-B8A4-E0E87F8295D3}.Debug|x86.Build.0 = Debug|x86
		{24D2AE23-E7E7-475A-B8A4-E0E87F8295D3}.Debug|x86.Deploy.0 = Debug|x86
		{24D2AE23-E7E7-475A-B8A4-E0E87F8295D3}.Release|Any CPU.ActiveCfg = Release|x86
		{24D2AE23-E7E7-475A-B8A4-E0E87F8295D3}.Release|ARM.ActiveCfg = Release|ARM
		{24D2AE23-E7E7-475A-B8A4-E0E87F8295D3}.Release|ARM.Build.0 = Release|ARM
		{24D2AE23-E7E7-475A-B8A4-E0E87F8295D3}.Release|ARM.Deploy.0 = Release|ARM
		{24D2AE23-E7E7-475A-B8A4-E0E87F8295D3}.Release|iPhone.ActiveCfg = Release|x86
		{24D2AE23-E7E7-475A-B8A4-E0E87F8295D3}.Release|iPhoneSimulator.ActiveCfg = Release|x86
		{24D2AE23-E7E7-475A-B8A4-E0E87F8295D3}.Release|x64.ActiveCfg = Release|x64
		{24D2AE23-E7E7-475A-B8A4-E0E87F8295D3}.Release|x64.Build.0 = Release|x64
		{24D2AE23-E7E7-475A-B8A4-E0E87F8295D3}.Release|x64.Deploy.0 = Release|x64
		{24D2AE23-E7E7-475A-B8A4-E0E87F8295D3}.Release|x86.ActiveCfg = Release|x86
		{24D2AE23-E7E7-475A-B8A4-E0E87F8295D3}.Release|x86.Build.0 = Release|x86
		{24D2AE23-E7E7-475A-B8A4-E0E87F8295D3}.Release|x86.Deploy.0 = Release|x86
		{D645F7FE-D573-4B30-8513-02DAFBBF055C}.Ad-Hoc|Any CPU.ActiveCfg = Release|Any CPU
		{D645F7FE-D573-4B30-8513-02DAFBBF055C}.Ad-Hoc|Any CPU.Build.0 = Release|Any CPU
		{D645F7FE-D573-4B30-8513-02DAFBBF055C}.Ad-Hoc|Any CPU.Deploy.0 = Release|Any CPU
		{D645F7FE-D573-4B30-8513-02DAFBBF055C}.Ad-Hoc|ARM.ActiveCfg = Release|ARM
		{D645F7FE-D573-4B30-8513-02DAFBBF055C}.Ad-Hoc|ARM.Build.0 = Release|ARM
		{D645F7FE-D573-4B30-8513-02DAFBBF055C}.Ad-Hoc|ARM.Deploy.0 = Release|ARM
		{D645F7FE-D573-4B30-8513-02DAFBBF055C}.Ad-Hoc|iPhone.ActiveCfg = Release|Any CPU
		{D645F7FE-D573-4B30-8513-02DAFBBF055C}.Ad-Hoc|iPhone.Build.0 = Release|Any CPU
		{D645F7FE-D573-4B30-8513-02DAFBBF055C}.Ad-Hoc|iPhone.Deploy.0 = Release|Any CPU
		{D645F7FE-D573-4B30-8513-02DAFBBF055C}.Ad-Hoc|iPhoneSimulator.ActiveCfg = Release|Any CPU
		{D645F7FE-D573-4B30-8513-02DAFBBF055C}.Ad-Hoc|iPhoneSimulator.Build.0 = Release|Any CPU
		{D645F7FE-D573-4B30-8513-02DAFBBF055C}.Ad-Hoc|iPhoneSimulator.Deploy.0 = Release|Any CPU
		{D645F7FE-D573-4B30-8513-02DAFBBF055C}.Ad-Hoc|x64.ActiveCfg = Release|x64
		{D645F7FE-D573-4B30-8513-02DAFBBF055C}.Ad-Hoc|x64.Build.0 = Release|x64
		{D645F7FE-D573-4B30-8513-02DAFBBF055C}.Ad-Hoc|x64.Deploy.0 = Release|x64
		{D645F7FE-D573-4B30-8513-02DAFBBF055C}.Ad-Hoc|x86.ActiveCfg = Release|x86
		{D645F7FE-D573-4B30-8513-02DAFBBF055C}.Ad-Hoc|x86.Build.0 = Release|x86
		{D645F7FE-D573-4B30-8513-02DAFBBF055C}.Ad-Hoc|x86.Deploy.0 = Release|x86
		{D645F7FE-D573-4B30-8513-02DAFBBF055C}.AppStore|Any CPU.ActiveCfg = Release|Any CPU
		{D645F7FE-D573-4B30-8513-02DAFBBF055C}.AppStore|Any CPU.Build.0 = Release|Any CPU
		{D645F7FE-D573-4B30-8513-02DAFBBF055C}.AppStore|Any CPU.Deploy.0 = Release|Any CPU
		{D645F7FE-D573-4B30-8513-02DAFBBF055C}.AppStore|ARM.ActiveCfg = Release|ARM
		{D645F7FE-D573-4B30-8513-02DAFBBF055C}.AppStore|ARM.Build.0 = Release|ARM
		{D645F7FE-D573-4B30-8513-02DAFBBF055C}.AppStore|ARM.Deploy.0 = Release|ARM
		{D645F7FE-D573-4B30-8513-02DAFBBF055C}.AppStore|iPhone.ActiveCfg = Release|Any CPU
		{D645F7FE-D573-4B30-8513-02DAFBBF055C}.AppStore|iPhone.Build.0 = Release|Any CPU
		{D645F7FE-D573-4B30-8513-02DAFBBF055C}.AppStore|iPhone.Deploy.0 = Release|Any CPU
		{D645F7FE-D573-4B30-8513-02DAFBBF055C}.AppStore|iPhoneSimulator.ActiveCfg = Release|Any CPU
		{D645F7FE-D573-4B30-8513-02DAFBBF055C}.AppStore|iPhoneSimulator.Build.0 = Release|Any CPU
		{D645F7FE-D573-4B30-8513-02DAFBBF055C}.AppStore|iPhoneSimulator.Deploy.0 = Release|Any CPU
		{D645F7FE-D573-4B30-8513-02DAFBBF055C}.AppStore|x64.ActiveCfg = Release|x64
		{D645F7FE-D573-4B30-8513-02DAFBBF055C}.AppStore|x64.Build.0 = Release|x64
		{D645F7FE-D573-4B30-8513-02DAFBBF055C}.AppStore|x64.Deploy.0 = Release|x64
		{D645F7FE-D573-4B30-8513-02DAFBBF055C}.AppStore|x86.ActiveCfg = Release|x86
		{D645F7FE-D573-4B30-8513-02DAFBBF055C}.AppStore|x86.Build.0 = Release|x86
		{D645F7FE-D573-4B30-8513-02DAFBBF055C}.AppStore|x86.Deploy.0 = Release|x86
		{D645F7FE-D573-4B30-8513-02DAFBBF055C}.Debug|Any CPU.ActiveCfg = Debug|Any CPU
		{D645F7FE-D573-4B30-8513-02DAFBBF055C}.Debug|Any CPU.Build.0 = Debug|Any CPU
		{D645F7FE-D573-4B30-8513-02DAFBBF055C}.Debug|Any CPU.Deploy.0 = Debug|Any CPU
		{D645F7FE-D573-4B30-8513-02DAFBBF055C}.Debug|ARM.ActiveCfg = Debug|ARM
		{D645F7FE-D573-4B30-8513-02DAFBBF055C}.Debug|ARM.Build.0 = Debug|ARM
		{D645F7FE-D573-4B30-8513-02DAFBBF055C}.Debug|ARM.Deploy.0 = Debug|ARM
		{D645F7FE-D573-4B30-8513-02DAFBBF055C}.Debug|iPhone.ActiveCfg = Debug|Any CPU
		{D645F7FE-D573-4B30-8513-02DAFBBF055C}.Debug|iPhone.Build.0 = Debug|Any CPU
		{D645F7FE-D573-4B30-8513-02DAFBBF055C}.Debug|iPhone.Deploy.0 = Debug|Any CPU
		{D645F7FE-D573-4B30-8513-02DAFBBF055C}.Debug|iPhoneSimulator.ActiveCfg = Debug|Any CPU
		{D645F7FE-D573-4B30-8513-02DAFBBF055C}.Debug|iPhoneSimulator.Build.0 = Debug|Any CPU
		{D645F7FE-D573-4B30-8513-02DAFBBF055C}.Debug|iPhoneSimulator.Deploy.0 = Debug|Any CPU
		{D645F7FE-D573-4B30-8513-02DAFBBF055C}.Debug|x64.ActiveCfg = Debug|x64
		{D645F7FE-D573-4B30-8513-02DAFBBF055C}.Debug|x64.Build.0 = Debug|x64
		{D645F7FE-D573-4B30-8513-02DAFBBF055C}.Debug|x64.Deploy.0 = Debug|x64
		{D645F7FE-D573-4B30-8513-02DAFBBF055C}.Debug|x86.ActiveCfg = Debug|x86
		{D645F7FE-D573-4B30-8513-02DAFBBF055C}.Debug|x86.Build.0 = Debug|x86
		{D645F7FE-D573-4B30-8513-02DAFBBF055C}.Debug|x86.Deploy.0 = Debug|x86
		{D645F7FE-D573-4B30-8513-02DAFBBF055C}.Release|Any CPU.ActiveCfg = Release|Any CPU
		{D645F7FE-D573-4B30-8513-02DAFBBF055C}.Release|Any CPU.Build.0 = Release|Any CPU
		{D645F7FE-D573-4B30-8513-02DAFBBF055C}.Release|Any CPU.Deploy.0 = Release|Any CPU
		{D645F7FE-D573-4B30-8513-02DAFBBF055C}.Release|ARM.ActiveCfg = Release|ARM
		{D645F7FE-D573-4B30-8513-02DAFBBF055C}.Release|ARM.Build.0 = Release|ARM
		{D645F7FE-D573-4B30-8513-02DAFBBF055C}.Release|ARM.Deploy.0 = Release|ARM
		{D645F7FE-D573-4B30-8513-02DAFBBF055C}.Release|iPhone.ActiveCfg = Release|Any CPU
		{D645F7FE-D573-4B30-8513-02DAFBBF055C}.Release|iPhone.Build.0 = Release|Any CPU
		{D645F7FE-D573-4B30-8513-02DAFBBF055C}.Release|iPhone.Deploy.0 = Release|Any CPU
		{D645F7FE-D573-4B30-8513-02DAFBBF055C}.Release|iPhoneSimulator.ActiveCfg = Release|Any CPU
		{D645F7FE-D573-4B30-8513-02DAFBBF055C}.Release|iPhoneSimulator.Build.0 = Release|Any CPU
		{D645F7FE-D573-4B30-8513-02DAFBBF055C}.Release|iPhoneSimulator.Deploy.0 = Release|Any CPU
		{D645F7FE-D573-4B30-8513-02DAFBBF055C}.Release|x64.ActiveCfg = Release|x64
		{D645F7FE-D573-4B30-8513-02DAFBBF055C}.Release|x64.Build.0 = Release|x64
		{D645F7FE-D573-4B30-8513-02DAFBBF055C}.Release|x64.Deploy.0 = Release|x64
		{D645F7FE-D573-4B30-8513-02DAFBBF055C}.Release|x86.ActiveCfg = Release|x86
		{D645F7FE-D573-4B30-8513-02DAFBBF055C}.Release|x86.Build.0 = Release|x86
		{D645F7FE-D573-4B30-8513-02DAFBBF055C}.Release|x86.Deploy.0 = Release|x86
	EndGlobalSection
	GlobalSection(SolutionProperties) = preSolution
		HideSolutionNode = FALSE
	EndGlobalSection
EndGlobal
