
Microsoft Visual Studio Solution File, Format Version 12.00
# Visual Studio 14
VisualStudioVersion = 14.0.25420.1
MinimumVisualStudioVersion = 10.0.40219.1
Project("{FAE04EC0-301F-11D3-BF4B-00C04F79EFBC}") = "FacturApp.Android", "FacturApp\FacturApp.Android\FacturApp.Android.csproj", "{4C026C1C-5D3D-4C4C-B0C4-CFE0D0F38455}"
EndProject
Project("{FAE04EC0-301F-11D3-BF4B-00C04F79EFBC}") = "FacturApp", "FacturApp\FacturApp\FacturApp.csproj", "{D32B711F-981F-465F-9CE8-537D20752E35}"
EndProject
Project("{FAE04EC0-301F-11D3-BF4B-00C04F79EFBC}") = "FacturApp.UWP", "FacturApp\FacturApp.UWP\FacturApp.UWP.csproj", "{BEFBB428-CBAD-445A-B5D1-703C45FD5EC8}"
EndProject
Project("{FAE04EC0-301F-11D3-BF4B-00C04F79EFBC}") = "FacturApp.iOS", "FacturApp\FacturApp.iOS\FacturApp.iOS.csproj", "{93319BB2-B0D7-419A-8C34-759C99271ABF}"
EndProject
Global
	GlobalSection(SolutionConfigurationPlatforms) = preSolution
		Ad-Hoc|Any CPU = Ad-Hoc|Any CPU
		Ad-Hoc|ARM = Ad-Hoc|ARM
		Ad-Hoc|iPhone = Ad-Hoc|iPhone
		Ad-Hoc|iPhoneSimulator = Ad-Hoc|iPhoneSimulator
		Ad-Hoc|x64 = Ad-Hoc|x64
		Ad-Hoc|x86 = Ad-Hoc|x86
		AppStore|Any CPU = AppStore|Any CPU
		AppStore|ARM = AppStore|ARM
		AppStore|iPhone = AppStore|iPhone
		AppStore|iPhoneSimulator = AppStore|iPhoneSimulator
		AppStore|x64 = AppStore|x64
		AppStore|x86 = AppStore|x86
		Debug|Any CPU = Debug|Any CPU
		Debug|ARM = Debug|ARM
		Debug|iPhone = Debug|iPhone
		Debug|iPhoneSimulator = Debug|iPhoneSimulator
		Debug|x64 = Debug|x64
		Debug|x86 = Debug|x86
		Release|Any CPU = Release|Any CPU
		Release|ARM = Release|ARM
		Release|iPhone = Release|iPhone
		Release|iPhoneSimulator = Release|iPhoneSimulator
		Release|x64 = Release|x64
		Release|x86 = Release|x86
	EndGlobalSection
	GlobalSection(ProjectConfigurationPlatforms) = postSolution
		{4C026C1C-5D3D-4C4C-B0C4-CFE0D0F38455}.Ad-Hoc|Any CPU.ActiveCfg = Release|Any CPU
		{4C026C1C-5D3D-4C4C-B0C4-CFE0D0F38455}.Ad-Hoc|Any CPU.Build.0 = Release|Any CPU
		{4C026C1C-5D3D-4C4C-B0C4-CFE0D0F38455}.Ad-Hoc|Any CPU.Deploy.0 = Release|Any CPU
		{4C026C1C-5D3D-4C4C-B0C4-CFE0D0F38455}.Ad-Hoc|ARM.ActiveCfg = Release|Any CPU
		{4C026C1C-5D3D-4C4C-B0C4-CFE0D0F38455}.Ad-Hoc|ARM.Build.0 = Release|Any CPU
		{4C026C1C-5D3D-4C4C-B0C4-CFE0D0F38455}.Ad-Hoc|ARM.Deploy.0 = Release|Any CPU
		{4C026C1C-5D3D-4C4C-B0C4-CFE0D0F38455}.Ad-Hoc|iPhone.ActiveCfg = Release|Any CPU
		{4C026C1C-5D3D-4C4C-B0C4-CFE0D0F38455}.Ad-Hoc|iPhone.Build.0 = Release|Any CPU
		{4C026C1C-5D3D-4C4C-B0C4-CFE0D0F38455}.Ad-Hoc|iPhone.Deploy.0 = Release|Any CPU
		{4C026C1C-5D3D-4C4C-B0C4-CFE0D0F38455}.Ad-Hoc|iPhoneSimulator.ActiveCfg = Release|Any CPU
		{4C026C1C-5D3D-4C4C-B0C4-CFE0D0F38455}.Ad-Hoc|iPhoneSimulator.Build.0 = Release|Any CPU
		{4C026C1C-5D3D-4C4C-B0C4-CFE0D0F38455}.Ad-Hoc|iPhoneSimulator.Deploy.0 = Release|Any CPU
		{4C026C1C-5D3D-4C4C-B0C4-CFE0D0F38455}.Ad-Hoc|x64.ActiveCfg = Release|Any CPU
		{4C026C1C-5D3D-4C4C-B0C4-CFE0D0F38455}.Ad-Hoc|x64.Build.0 = Release|Any CPU
		{4C026C1C-5D3D-4C4C-B0C4-CFE0D0F38455}.Ad-Hoc|x64.Deploy.0 = Release|Any CPU
		{4C026C1C-5D3D-4C4C-B0C4-CFE0D0F38455}.Ad-Hoc|x86.ActiveCfg = Release|Any CPU
		{4C026C1C-5D3D-4C4C-B0C4-CFE0D0F38455}.Ad-Hoc|x86.Build.0 = Release|Any CPU
		{4C026C1C-5D3D-4C4C-B0C4-CFE0D0F38455}.Ad-Hoc|x86.Deploy.0 = Release|Any CPU
		{4C026C1C-5D3D-4C4C-B0C4-CFE0D0F38455}.AppStore|Any CPU.ActiveCfg = Release|Any CPU
		{4C026C1C-5D3D-4C4C-B0C4-CFE0D0F38455}.AppStore|Any CPU.Build.0 = Release|Any CPU
		{4C026C1C-5D3D-4C4C-B0C4-CFE0D0F38455}.AppStore|Any CPU.Deploy.0 = Release|Any CPU
		{4C026C1C-5D3D-4C4C-B0C4-CFE0D0F38455}.AppStore|ARM.ActiveCfg = Release|Any CPU
		{4C026C1C-5D3D-4C4C-B0C4-CFE0D0F38455}.AppStore|ARM.Build.0 = Release|Any CPU
		{4C026C1C-5D3D-4C4C-B0C4-CFE0D0F38455}.AppStore|ARM.Deploy.0 = Release|Any CPU
		{4C026C1C-5D3D-4C4C-B0C4-CFE0D0F38455}.AppStore|iPhone.ActiveCfg = Release|Any CPU
		{4C026C1C-5D3D-4C4C-B0C4-CFE0D0F38455}.AppStore|iPhone.Build.0 = Release|Any CPU
		{4C026C1C-5D3D-4C4C-B0C4-CFE0D0F38455}.AppStore|iPhone.Deploy.0 = Release|Any CPU
		{4C026C1C-5D3D-4C4C-B0C4-CFE0D0F38455}.AppStore|iPhoneSimulator.ActiveCfg = Release|Any CPU
		{4C026C1C-5D3D-4C4C-B0C4-CFE0D0F38455}.AppStore|iPhoneSimulator.Build.0 = Release|Any CPU
		{4C026C1C-5D3D-4C4C-B0C4-CFE0D0F38455}.AppStore|iPhoneSimulator.Deploy.0 = Release|Any CPU
		{4C026C1C-5D3D-4C4C-B0C4-CFE0D0F38455}.AppStore|x64.ActiveCfg = Release|Any CPU
		{4C026C1C-5D3D-4C4C-B0C4-CFE0D0F38455}.AppStore|x64.Build.0 = Release|Any CPU
		{4C026C1C-5D3D-4C4C-B0C4-CFE0D0F38455}.AppStore|x64.Deploy.0 = Release|Any CPU
		{4C026C1C-5D3D-4C4C-B0C4-CFE0D0F38455}.AppStore|x86.ActiveCfg = Release|Any CPU
		{4C026C1C-5D3D-4C4C-B0C4-CFE0D0F38455}.AppStore|x86.Build.0 = Release|Any CPU
		{4C026C1C-5D3D-4C4C-B0C4-CFE0D0F38455}.AppStore|x86.Deploy.0 = Release|Any CPU
		{4C026C1C-5D3D-4C4C-B0C4-CFE0D0F38455}.Debug|Any CPU.ActiveCfg = Debug|Any CPU
		{4C026C1C-5D3D-4C4C-B0C4-CFE0D0F38455}.Debug|Any CPU.Build.0 = Debug|Any CPU
		{4C026C1C-5D3D-4C4C-B0C4-CFE0D0F38455}.Debug|Any CPU.Deploy.0 = Debug|Any CPU
		{4C026C1C-5D3D-4C4C-B0C4-CFE0D0F38455}.Debug|ARM.ActiveCfg = Debug|Any CPU
		{4C026C1C-5D3D-4C4C-B0C4-CFE0D0F38455}.Debug|ARM.Build.0 = Debug|Any CPU
		{4C026C1C-5D3D-4C4C-B0C4-CFE0D0F38455}.Debug|ARM.Deploy.0 = Debug|Any CPU
		{4C026C1C-5D3D-4C4C-B0C4-CFE0D0F38455}.Debug|iPhone.ActiveCfg = Debug|Any CPU
		{4C026C1C-5D3D-4C4C-B0C4-CFE0D0F38455}.Debug|iPhone.Build.0 = Debug|Any CPU
		{4C026C1C-5D3D-4C4C-B0C4-CFE0D0F38455}.Debug|iPhone.Deploy.0 = Debug|Any CPU
		{4C026C1C-5D3D-4C4C-B0C4-CFE0D0F38455}.Debug|iPhoneSimulator.ActiveCfg = Debug|Any CPU
		{4C026C1C-5D3D-4C4C-B0C4-CFE0D0F38455}.Debug|iPhoneSimulator.Build.0 = Debug|Any CPU
		{4C026C1C-5D3D-4C4C-B0C4-CFE0D0F38455}.Debug|iPhoneSimulator.Deploy.0 = Debug|Any CPU
		{4C026C1C-5D3D-4C4C-B0C4-CFE0D0F38455}.Debug|x64.ActiveCfg = Debug|Any CPU
		{4C026C1C-5D3D-4C4C-B0C4-CFE0D0F38455}.Debug|x64.Build.0 = Debug|Any CPU
		{4C026C1C-5D3D-4C4C-B0C4-CFE0D0F38455}.Debug|x64.Deploy.0 = Debug|Any CPU
		{4C026C1C-5D3D-4C4C-B0C4-CFE0D0F38455}.Debug|x86.ActiveCfg = Debug|Any CPU
		{4C026C1C-5D3D-4C4C-B0C4-CFE0D0F38455}.Debug|x86.Build.0 = Debug|Any CPU
		{4C026C1C-5D3D-4C4C-B0C4-CFE0D0F38455}.Debug|x86.Deploy.0 = Debug|Any CPU
		{4C026C1C-5D3D-4C4C-B0C4-CFE0D0F38455}.Release|Any CPU.ActiveCfg = Release|Any CPU
		{4C026C1C-5D3D-4C4C-B0C4-CFE0D0F38455}.Release|Any CPU.Build.0 = Release|Any CPU
		{4C026C1C-5D3D-4C4C-B0C4-CFE0D0F38455}.Release|Any CPU.Deploy.0 = Release|Any CPU
		{4C026C1C-5D3D-4C4C-B0C4-CFE0D0F38455}.Release|ARM.ActiveCfg = Release|Any CPU
		{4C026C1C-5D3D-4C4C-B0C4-CFE0D0F38455}.Release|ARM.Build.0 = Release|Any CPU
		{4C026C1C-5D3D-4C4C-B0C4-CFE0D0F38455}.Release|ARM.Deploy.0 = Release|Any CPU
		{4C026C1C-5D3D-4C4C-B0C4-CFE0D0F38455}.Release|iPhone.ActiveCfg = Release|Any CPU
		{4C026C1C-5D3D-4C4C-B0C4-CFE0D0F38455}.Release|iPhone.Build.0 = Release|Any CPU
		{4C026C1C-5D3D-4C4C-B0C4-CFE0D0F38455}.Release|iPhone.Deploy.0 = Release|Any CPU
		{4C026C1C-5D3D-4C4C-B0C4-CFE0D0F38455}.Release|iPhoneSimulator.ActiveCfg = Release|Any CPU
		{4C026C1C-5D3D-4C4C-B0C4-CFE0D0F38455}.Release|iPhoneSimulator.Build.0 = Release|Any CPU
		{4C026C1C-5D3D-4C4C-B0C4-CFE0D0F38455}.Release|iPhoneSimulator.Deploy.0 = Release|Any CPU
		{4C026C1C-5D3D-4C4C-B0C4-CFE0D0F38455}.Release|x64.ActiveCfg = Release|Any CPU
		{4C026C1C-5D3D-4C4C-B0C4-CFE0D0F38455}.Release|x64.Build.0 = Release|Any CPU
		{4C026C1C-5D3D-4C4C-B0C4-CFE0D0F38455}.Release|x64.Deploy.0 = Release|Any CPU
		{4C026C1C-5D3D-4C4C-B0C4-CFE0D0F38455}.Release|x86.ActiveCfg = Release|Any CPU
		{4C026C1C-5D3D-4C4C-B0C4-CFE0D0F38455}.Release|x86.Build.0 = Release|Any CPU
		{4C026C1C-5D3D-4C4C-B0C4-CFE0D0F38455}.Release|x86.Deploy.0 = Release|Any CPU
		{D32B711F-981F-465F-9CE8-537D20752E35}.Ad-Hoc|Any CPU.ActiveCfg = Release|Any CPU
		{D32B711F-981F-465F-9CE8-537D20752E35}.Ad-Hoc|Any CPU.Build.0 = Release|Any CPU
		{D32B711F-981F-465F-9CE8-537D20752E35}.Ad-Hoc|ARM.ActiveCfg = Release|Any CPU
		{D32B711F-981F-465F-9CE8-537D20752E35}.Ad-Hoc|ARM.Build.0 = Release|Any CPU
		{D32B711F-981F-465F-9CE8-537D20752E35}.Ad-Hoc|iPhone.ActiveCfg = Release|Any CPU
		{D32B711F-981F-465F-9CE8-537D20752E35}.Ad-Hoc|iPhone.Build.0 = Release|Any CPU
		{D32B711F-981F-465F-9CE8-537D20752E35}.Ad-Hoc|iPhoneSimulator.ActiveCfg = Release|Any CPU
		{D32B711F-981F-465F-9CE8-537D20752E35}.Ad-Hoc|iPhoneSimulator.Build.0 = Release|Any CPU
		{D32B711F-981F-465F-9CE8-537D20752E35}.Ad-Hoc|x64.ActiveCfg = Release|Any CPU
		{D32B711F-981F-465F-9CE8-537D20752E35}.Ad-Hoc|x64.Build.0 = Release|Any CPU
		{D32B711F-981F-465F-9CE8-537D20752E35}.Ad-Hoc|x86.ActiveCfg = Release|Any CPU
		{D32B711F-981F-465F-9CE8-537D20752E35}.Ad-Hoc|x86.Build.0 = Release|Any CPU
		{D32B711F-981F-465F-9CE8-537D20752E35}.AppStore|Any CPU.ActiveCfg = Release|Any CPU
		{D32B711F-981F-465F-9CE8-537D20752E35}.AppStore|Any CPU.Build.0 = Release|Any CPU
		{D32B711F-981F-465F-9CE8-537D20752E35}.AppStore|ARM.ActiveCfg = Release|Any CPU
		{D32B711F-981F-465F-9CE8-537D20752E35}.AppStore|ARM.Build.0 = Release|Any CPU
		{D32B711F-981F-465F-9CE8-537D20752E35}.AppStore|iPhone.ActiveCfg = Release|Any CPU
		{D32B711F-981F-465F-9CE8-537D20752E35}.AppStore|iPhone.Build.0 = Release|Any CPU
		{D32B711F-981F-465F-9CE8-537D20752E35}.AppStore|iPhoneSimulator.ActiveCfg = Release|Any CPU
		{D32B711F-981F-465F-9CE8-537D20752E35}.AppStore|iPhoneSimulator.Build.0 = Release|Any CPU
		{D32B711F-981F-465F-9CE8-537D20752E35}.AppStore|x64.ActiveCfg = Release|Any CPU
		{D32B711F-981F-465F-9CE8-537D20752E35}.AppStore|x64.Build.0 = Release|Any CPU
		{D32B711F-981F-465F-9CE8-537D20752E35}.AppStore|x86.ActiveCfg = Release|Any CPU
		{D32B711F-981F-465F-9CE8-537D20752E35}.AppStore|x86.Build.0 = Release|Any CPU
		{D32B711F-981F-465F-9CE8-537D20752E35}.Debug|Any CPU.ActiveCfg = Debug|Any CPU
		{D32B711F-981F-465F-9CE8-537D20752E35}.Debug|Any CPU.Build.0 = Debug|Any CPU
		{D32B711F-981F-465F-9CE8-537D20752E35}.Debug|ARM.ActiveCfg = Debug|Any CPU
		{D32B711F-981F-465F-9CE8-537D20752E35}.Debug|ARM.Build.0 = Debug|Any CPU
		{D32B711F-981F-465F-9CE8-537D20752E35}.Debug|iPhone.ActiveCfg = Debug|Any CPU
		{D32B711F-981F-465F-9CE8-537D20752E35}.Debug|iPhone.Build.0 = Debug|Any CPU
		{D32B711F-981F-465F-9CE8-537D20752E35}.Debug|iPhoneSimulator.ActiveCfg = Debug|Any CPU
		{D32B711F-981F-465F-9CE8-537D20752E35}.Debug|iPhoneSimulator.Build.0 = Debug|Any CPU
		{D32B711F-981F-465F-9CE8-537D20752E35}.Debug|x64.ActiveCfg = Debug|Any CPU
		{D32B711F-981F-465F-9CE8-537D20752E35}.Debug|x64.Build.0 = Debug|Any CPU
		{D32B711F-981F-465F-9CE8-537D20752E35}.Debug|x86.ActiveCfg = Debug|Any CPU
		{D32B711F-981F-465F-9CE8-537D20752E35}.Debug|x86.Build.0 = Debug|Any CPU
		{D32B711F-981F-465F-9CE8-537D20752E35}.Release|Any CPU.ActiveCfg = Release|Any CPU
		{D32B711F-981F-465F-9CE8-537D20752E35}.Release|Any CPU.Build.0 = Release|Any CPU
		{D32B711F-981F-465F-9CE8-537D20752E35}.Release|ARM.ActiveCfg = Release|Any CPU
		{D32B711F-981F-465F-9CE8-537D20752E35}.Release|ARM.Build.0 = Release|Any CPU
		{D32B711F-981F-465F-9CE8-537D20752E35}.Release|iPhone.ActiveCfg = Release|Any CPU
		{D32B711F-981F-465F-9CE8-537D20752E35}.Release|iPhone.Build.0 = Release|Any CPU
		{D32B711F-981F-465F-9CE8-537D20752E35}.Release|iPhoneSimulator.ActiveCfg = Release|Any CPU
		{D32B711F-981F-465F-9CE8-537D20752E35}.Release|iPhoneSimulator.Build.0 = Release|Any CPU
		{D32B711F-981F-465F-9CE8-537D20752E35}.Release|x64.ActiveCfg = Release|Any CPU
		{D32B711F-981F-465F-9CE8-537D20752E35}.Release|x64.Build.0 = Release|Any CPU
		{D32B711F-981F-465F-9CE8-537D20752E35}.Release|x86.ActiveCfg = Release|Any CPU
		{D32B711F-981F-465F-9CE8-537D20752E35}.Release|x86.Build.0 = Release|Any CPU
		{BEFBB428-CBAD-445A-B5D1-703C45FD5EC8}.Ad-Hoc|Any CPU.ActiveCfg = Release|x86
		{BEFBB428-CBAD-445A-B5D1-703C45FD5EC8}.Ad-Hoc|Any CPU.Build.0 = Release|x86
		{BEFBB428-CBAD-445A-B5D1-703C45FD5EC8}.Ad-Hoc|Any CPU.Deploy.0 = Release|x86
		{BEFBB428-CBAD-445A-B5D1-703C45FD5EC8}.Ad-Hoc|ARM.ActiveCfg = Release|ARM
		{BEFBB428-CBAD-445A-B5D1-703C45FD5EC8}.Ad-Hoc|ARM.Build.0 = Release|ARM
		{BEFBB428-CBAD-445A-B5D1-703C45FD5EC8}.Ad-Hoc|ARM.Deploy.0 = Release|ARM
		{BEFBB428-CBAD-445A-B5D1-703C45FD5EC8}.Ad-Hoc|iPhone.ActiveCfg = Release|x86
		{BEFBB428-CBAD-445A-B5D1-703C45FD5EC8}.Ad-Hoc|iPhone.Build.0 = Release|x86
		{BEFBB428-CBAD-445A-B5D1-703C45FD5EC8}.Ad-Hoc|iPhone.Deploy.0 = Release|x86
		{BEFBB428-CBAD-445A-B5D1-703C45FD5EC8}.Ad-Hoc|iPhoneSimulator.ActiveCfg = Release|x86
		{BEFBB428-CBAD-445A-B5D1-703C45FD5EC8}.Ad-Hoc|iPhoneSimulator.Build.0 = Release|x86
		{BEFBB428-CBAD-445A-B5D1-703C45FD5EC8}.Ad-Hoc|iPhoneSimulator.Deploy.0 = Release|x86
		{BEFBB428-CBAD-445A-B5D1-703C45FD5EC8}.Ad-Hoc|x64.ActiveCfg = Release|x64
		{BEFBB428-CBAD-445A-B5D1-703C45FD5EC8}.Ad-Hoc|x64.Build.0 = Release|x64
		{BEFBB428-CBAD-445A-B5D1-703C45FD5EC8}.Ad-Hoc|x64.Deploy.0 = Release|x64
		{BEFBB428-CBAD-445A-B5D1-703C45FD5EC8}.Ad-Hoc|x86.ActiveCfg = Release|x86
		{BEFBB428-CBAD-445A-B5D1-703C45FD5EC8}.Ad-Hoc|x86.Build.0 = Release|x86
		{BEFBB428-CBAD-445A-B5D1-703C45FD5EC8}.Ad-Hoc|x86.Deploy.0 = Release|x86
		{BEFBB428-CBAD-445A-B5D1-703C45FD5EC8}.AppStore|Any CPU.ActiveCfg = Release|x86
		{BEFBB428-CBAD-445A-B5D1-703C45FD5EC8}.AppStore|Any CPU.Build.0 = Release|x86
		{BEFBB428-CBAD-445A-B5D1-703C45FD5EC8}.AppStore|Any CPU.Deploy.0 = Release|x86
		{BEFBB428-CBAD-445A-B5D1-703C45FD5EC8}.AppStore|ARM.ActiveCfg = Release|ARM
		{BEFBB428-CBAD-445A-B5D1-703C45FD5EC8}.AppStore|ARM.Build.0 = Release|ARM
		{BEFBB428-CBAD-445A-B5D1-703C45FD5EC8}.AppStore|ARM.Deploy.0 = Release|ARM
		{BEFBB428-CBAD-445A-B5D1-703C45FD5EC8}.AppStore|iPhone.ActiveCfg = Release|x86
		{BEFBB428-CBAD-445A-B5D1-703C45FD5EC8}.AppStore|iPhone.Build.0 = Release|x86
		{BEFBB428-CBAD-445A-B5D1-703C45FD5EC8}.AppStore|iPhone.Deploy.0 = Release|x86
		{BEFBB428-CBAD-445A-B5D1-703C45FD5EC8}.AppStore|iPhoneSimulator.ActiveCfg = Release|x86
		{BEFBB428-CBAD-445A-B5D1-703C45FD5EC8}.AppStore|iPhoneSimulator.Build.0 = Release|x86
		{BEFBB428-CBAD-445A-B5D1-703C45FD5EC8}.AppStore|iPhoneSimulator.Deploy.0 = Release|x86
		{BEFBB428-CBAD-445A-B5D1-703C45FD5EC8}.AppStore|x64.ActiveCfg = Release|x64
		{BEFBB428-CBAD-445A-B5D1-703C45FD5EC8}.AppStore|x64.Build.0 = Release|x64
		{BEFBB428-CBAD-445A-B5D1-703C45FD5EC8}.AppStore|x64.Deploy.0 = Release|x64
		{BEFBB428-CBAD-445A-B5D1-703C45FD5EC8}.AppStore|x86.ActiveCfg = Release|x86
		{BEFBB428-CBAD-445A-B5D1-703C45FD5EC8}.AppStore|x86.Build.0 = Release|x86
		{BEFBB428-CBAD-445A-B5D1-703C45FD5EC8}.AppStore|x86.Deploy.0 = Release|x86
		{BEFBB428-CBAD-445A-B5D1-703C45FD5EC8}.Debug|Any CPU.ActiveCfg = Debug|x86
		{BEFBB428-CBAD-445A-B5D1-703C45FD5EC8}.Debug|ARM.ActiveCfg = Debug|ARM
		{BEFBB428-CBAD-445A-B5D1-703C45FD5EC8}.Debug|ARM.Build.0 = Debug|ARM
		{BEFBB428-CBAD-445A-B5D1-703C45FD5EC8}.Debug|ARM.Deploy.0 = Debug|ARM
		{BEFBB428-CBAD-445A-B5D1-703C45FD5EC8}.Debug|iPhone.ActiveCfg = Debug|x86
		{BEFBB428-CBAD-445A-B5D1-703C45FD5EC8}.Debug|iPhoneSimulator.ActiveCfg = Debug|x86
		{BEFBB428-CBAD-445A-B5D1-703C45FD5EC8}.Debug|x64.ActiveCfg = Debug|x64
		{BEFBB428-CBAD-445A-B5D1-703C45FD5EC8}.Debug|x64.Build.0 = Debug|x64
		{BEFBB428-CBAD-445A-B5D1-703C45FD5EC8}.Debug|x64.Deploy.0 = Debug|x64
		{BEFBB428-CBAD-445A-B5D1-703C45FD5EC8}.Debug|x86.ActiveCfg = Debug|x86
		{BEFBB428-CBAD-445A-B5D1-703C45FD5EC8}.Debug|x86.Build.0 = Debug|x86
		{BEFBB428-CBAD-445A-B5D1-703C45FD5EC8}.Debug|x86.Deploy.0 = Debug|x86
		{BEFBB428-CBAD-445A-B5D1-703C45FD5EC8}.Release|Any CPU.ActiveCfg = Release|x86
		{BEFBB428-CBAD-445A-B5D1-703C45FD5EC8}.Release|ARM.ActiveCfg = Release|ARM
		{BEFBB428-CBAD-445A-B5D1-703C45FD5EC8}.Release|ARM.Build.0 = Release|ARM
		{BEFBB428-CBAD-445A-B5D1-703C45FD5EC8}.Release|ARM.Deploy.0 = Release|ARM
		{BEFBB428-CBAD-445A-B5D1-703C45FD5EC8}.Release|iPhone.ActiveCfg = Release|x86
		{BEFBB428-CBAD-445A-B5D1-703C45FD5EC8}.Release|iPhoneSimulator.ActiveCfg = Release|x86
		{BEFBB428-CBAD-445A-B5D1-703C45FD5EC8}.Release|x64.ActiveCfg = Release|x64
		{BEFBB428-CBAD-445A-B5D1-703C45FD5EC8}.Release|x64.Build.0 = Release|x64
		{BEFBB428-CBAD-445A-B5D1-703C45FD5EC8}.Release|x64.Deploy.0 = Release|x64
		{BEFBB428-CBAD-445A-B5D1-703C45FD5EC8}.Release|x86.ActiveCfg = Release|x86
		{BEFBB428-CBAD-445A-B5D1-703C45FD5EC8}.Release|x86.Build.0 = Release|x86
		{BEFBB428-CBAD-445A-B5D1-703C45FD5EC8}.Release|x86.Deploy.0 = Release|x86
		{93319BB2-B0D7-419A-8C34-759C99271ABF}.Ad-Hoc|Any CPU.ActiveCfg = Ad-Hoc|iPhone
		{93319BB2-B0D7-419A-8C34-759C99271ABF}.Ad-Hoc|ARM.ActiveCfg = Ad-Hoc|iPhone
		{93319BB2-B0D7-419A-8C34-759C99271ABF}.Ad-Hoc|iPhone.ActiveCfg = Ad-Hoc|iPhone
		{93319BB2-B0D7-419A-8C34-759C99271ABF}.Ad-Hoc|iPhone.Build.0 = Ad-Hoc|iPhone
		{93319BB2-B0D7-419A-8C34-759C99271ABF}.Ad-Hoc|iPhoneSimulator.ActiveCfg = Ad-Hoc|iPhoneSimulator
		{93319BB2-B0D7-419A-8C34-759C99271ABF}.Ad-Hoc|iPhoneSimulator.Build.0 = Ad-Hoc|iPhoneSimulator
		{93319BB2-B0D7-419A-8C34-759C99271ABF}.Ad-Hoc|x64.ActiveCfg = Ad-Hoc|iPhone
		{93319BB2-B0D7-419A-8C34-759C99271ABF}.Ad-Hoc|x86.ActiveCfg = Ad-Hoc|iPhone
		{93319BB2-B0D7-419A-8C34-759C99271ABF}.AppStore|Any CPU.ActiveCfg = AppStore|iPhone
		{93319BB2-B0D7-419A-8C34-759C99271ABF}.AppStore|ARM.ActiveCfg = AppStore|iPhone
		{93319BB2-B0D7-419A-8C34-759C99271ABF}.AppStore|iPhone.ActiveCfg = AppStore|iPhone
		{93319BB2-B0D7-419A-8C34-759C99271ABF}.AppStore|iPhone.Build.0 = AppStore|iPhone
		{93319BB2-B0D7-419A-8C34-759C99271ABF}.AppStore|iPhoneSimulator.ActiveCfg = AppStore|iPhoneSimulator
		{93319BB2-B0D7-419A-8C34-759C99271ABF}.AppStore|iPhoneSimulator.Build.0 = AppStore|iPhoneSimulator
		{93319BB2-B0D7-419A-8C34-759C99271ABF}.AppStore|x64.ActiveCfg = AppStore|iPhone
		{93319BB2-B0D7-419A-8C34-759C99271ABF}.AppStore|x86.ActiveCfg = AppStore|iPhone
		{93319BB2-B0D7-419A-8C34-759C99271ABF}.Debug|Any CPU.ActiveCfg = Debug|iPhone
		{93319BB2-B0D7-419A-8C34-759C99271ABF}.Debug|ARM.ActiveCfg = Debug|iPhone
		{93319BB2-B0D7-419A-8C34-759C99271ABF}.Debug|iPhone.ActiveCfg = Debug|iPhone
		{93319BB2-B0D7-419A-8C34-759C99271ABF}.Debug|iPhone.Build.0 = Debug|iPhone
		{93319BB2-B0D7-419A-8C34-759C99271ABF}.Debug|iPhoneSimulator.ActiveCfg = Debug|iPhoneSimulator
		{93319BB2-B0D7-419A-8C34-759C99271ABF}.Debug|iPhoneSimulator.Build.0 = Debug|iPhoneSimulator
		{93319BB2-B0D7-419A-8C34-759C99271ABF}.Debug|x64.ActiveCfg = Debug|iPhone
		{93319BB2-B0D7-419A-8C34-759C99271ABF}.Debug|x86.ActiveCfg = Debug|iPhone
		{93319BB2-B0D7-419A-8C34-759C99271ABF}.Release|Any CPU.ActiveCfg = Release|iPhone
		{93319BB2-B0D7-419A-8C34-759C99271ABF}.Release|ARM.ActiveCfg = Release|iPhone
		{93319BB2-B0D7-419A-8C34-759C99271ABF}.Release|iPhone.ActiveCfg = Release|iPhone
		{93319BB2-B0D7-419A-8C34-759C99271ABF}.Release|iPhone.Build.0 = Release|iPhone
		{93319BB2-B0D7-419A-8C34-759C99271ABF}.Release|iPhoneSimulator.ActiveCfg = Release|iPhoneSimulator
		{93319BB2-B0D7-419A-8C34-759C99271ABF}.Release|iPhoneSimulator.Build.0 = Release|iPhoneSimulator
		{93319BB2-B0D7-419A-8C34-759C99271ABF}.Release|x64.ActiveCfg = Release|iPhone
		{93319BB2-B0D7-419A-8C34-759C99271ABF}.Release|x86.ActiveCfg = Release|iPhone
	EndGlobalSection
	GlobalSection(SolutionProperties) = preSolution
		HideSolutionNode = FALSE
	EndGlobalSection
EndGlobal
